{
  "name": "CODE",
  "lockfileVersion": 2,
  "requires": true,
  "packages": {
    "": {
      "dependencies": {
        "a11y-slider": "^0.4.22"
      }
    },
    "node_modules/a11y-slider": {
      "version": "0.4.22",
      "resolved": "https://registry.npmjs.org/a11y-slider/-/a11y-slider-0.4.22.tgz",
      "integrity": "sha512-EPbpYEpeTSkBuS12yPUkKZ3JtQE/lDqhpAtZ4J7rBUAvdB0EvkTwH/VX9ytXVZlRLJrnTUm4MaWLw8BUaj5pXQ=="
    }
  },
  "dependencies": {
    "a11y-slider": {
      "version": "0.4.22",
      "resolved": "https://registry.npmjs.org/a11y-slider/-/a11y-slider-0.4.22.tgz",
      "integrity": "sha512-EPbpYEpeTSkBuS12yPUkKZ3JtQE/lDqhpAtZ4J7rBUAvdB0EvkTwH/VX9ytXVZlRLJrnTUm4MaWLw8BUaj5pXQ=="
    }
  }
}
